
Microsoft Visual Studio Solution File, Format Version 12.00
# Visual Studio Version 17
VisualStudioVersion = 17.11.35208.52
MinimumVisualStudioVersion = 10.0.40219.1
Project("{9A19103F-16F7-4668-BE54-9A1E7A4F7556}") = "Baubit", "Baubit\Baubit.csproj", "{A82825C8-F7E6-4559-B7E4-9EAB1B1F328A}"
EndProject
Project("{9A19103F-16F7-4668-BE54-9A1E7A4F7556}") = "Baubit.Test", "Baubit.Test\Baubit.Test.csproj", "{1D97A06D-6885-42D3-AF9E-FFE2C9AD394E}"
EndProject
Project("{FAE04EC0-301F-11D3-BF4B-00C04F79EFBC}") = "ConsoleApp", "Samples\ConsoleApp\ConsoleApp.csproj", "{08477C24-F3E4-4674-9371-FD0DD5402190}"
EndProject
Project("{FAE04EC0-301F-11D3-BF4B-00C04F79EFBC}") = "WebApp", "Samples\WebApp\WebApp.csproj", "{907C669A-5905-4707-A161-72AF63B3714F}"
EndProject
Project("{FAE04EC0-301F-11D3-BF4B-00C04F79EFBC}") = "AIConsole", "AIConsole\AIConsole.csproj", "{E6890E0C-D802-4A81-9B25-2E7F0F93C777}"
EndProject
Global
	GlobalSection(SolutionConfigurationPlatforms) = preSolution
		Debug|Any CPU = Debug|Any CPU
		Release|Any CPU = Release|Any CPU
	EndGlobalSection
	GlobalSection(ProjectConfigurationPlatforms) = postSolution
		{A82825C8-F7E6-4559-B7E4-9EAB1B1F328A}.Debug|Any CPU.ActiveCfg = Debug|Any CPU
		{A82825C8-F7E6-4559-B7E4-9EAB1B1F328A}.Debug|Any CPU.Build.0 = Debug|Any CPU
		{A82825C8-F7E6-4559-B7E4-9EAB1B1F328A}.Release|Any CPU.ActiveCfg = Release|Any CPU
		{A82825C8-F7E6-4559-B7E4-9EAB1B1F328A}.Release|Any CPU.Build.0 = Release|Any CPU
		{1D97A06D-6885-42D3-AF9E-FFE2C9AD394E}.Debug|Any CPU.ActiveCfg = Debug|Any CPU
		{1D97A06D-6885-42D3-AF9E-FFE2C9AD394E}.Debug|Any CPU.Build.0 = Debug|Any CPU
		{1D97A06D-6885-42D3-AF9E-FFE2C9AD394E}.Release|Any CPU.ActiveCfg = Release|Any CPU
		{1D97A06D-6885-42D3-AF9E-FFE2C9AD394E}.Release|Any CPU.Build.0 = Release|Any CPU
		{08477C24-F3E4-4674-9371-FD0DD5402190}.Debug|Any CPU.ActiveCfg = Debug|Any CPU
		{08477C24-F3E4-4674-9371-FD0DD5402190}.Debug|Any CPU.Build.0 = Debug|Any CPU
		{08477C24-F3E4-4674-9371-FD0DD5402190}.Release|Any CPU.ActiveCfg = Release|Any CPU
		{08477C24-F3E4-4674-9371-FD0DD5402190}.Release|Any CPU.Build.0 = Release|Any CPU
		{907C669A-5905-4707-A161-72AF63B3714F}.Debug|Any CPU.ActiveCfg = Debug|Any CPU
		{907C669A-5905-4707-A161-72AF63B3714F}.Debug|Any CPU.Build.0 = Debug|Any CPU
		{907C669A-5905-4707-A161-72AF63B3714F}.Release|Any CPU.ActiveCfg = Release|Any CPU
		{907C669A-5905-4707-A161-72AF63B3714F}.Release|Any CPU.Build.0 = Release|Any CPU
		{E6890E0C-D802-4A81-9B25-2E7F0F93C777}.Debug|Any CPU.ActiveCfg = Debug|Any CPU
		{E6890E0C-D802-4A81-9B25-2E7F0F93C777}.Debug|Any CPU.Build.0 = Debug|Any CPU
		{E6890E0C-D802-4A81-9B25-2E7F0F93C777}.Release|Any CPU.ActiveCfg = Release|Any CPU
		{E6890E0C-D802-4A81-9B25-2E7F0F93C777}.Release|Any CPU.Build.0 = Release|Any CPU
	EndGlobalSection
	GlobalSection(SolutionProperties) = preSolution
		HideSolutionNode = FALSE
	EndGlobalSection
	GlobalSection(ExtensibilityGlobals) = postSolution
		SolutionGuid = {1DA5E2A6-A394-4AC4-804B-CA2F6B741649}
	EndGlobalSection
EndGlobal
