
Microsoft Visual Studio Solution File, Format Version 12.00
# Visual Studio Version 17
VisualStudioVersion = 17.11.35208.52
MinimumVisualStudioVersion = 10.0.40219.1
Project("{9A19103F-16F7-4668-BE54-9A1E7A4F7556}") = "Baubit", "Baubit\Baubit.csproj", "{A82825C8-F7E6-4559-B7E4-9EAB1B1F328A}"
EndProject
Project("{9A19103F-16F7-4668-BE54-9A1E7A4F7556}") = "Baubit.Test", "Baubit.Test\Baubit.Test.csproj", "{1D97A06D-6885-42D3-AF9E-FFE2C9AD394E}"
EndProject
Global
	GlobalSection(SolutionConfigurationPlatforms) = preSolution
		Debug|Any CPU = Debug|Any CPU
		Release|Any CPU = Release|Any CPU
	EndGlobalSection
	GlobalSection(ProjectConfigurationPlatforms) = postSolution
		{A82825C8-F7E6-4559-B7E4-9EAB1B1F328A}.Debug|Any CPU.ActiveCfg = Debug|Any CPU
		{A82825C8-F7E6-4559-B7E4-9EAB1B1F328A}.Debug|Any CPU.Build.0 = Debug|Any CPU
		{A82825C8-F7E6-4559-B7E4-9EAB1B1F328A}.Release|Any CPU.ActiveCfg = Release|Any CPU
		{A82825C8-F7E6-4559-B7E4-9EAB1B1F328A}.Release|Any CPU.Build.0 = Release|Any CPU
		{1D97A06D-6885-42D3-AF9E-FFE2C9AD394E}.Debug|Any CPU.ActiveCfg = Debug|Any CPU
		{1D97A06D-6885-42D3-AF9E-FFE2C9AD394E}.Debug|Any CPU.Build.0 = Debug|Any CPU
		{1D97A06D-6885-42D3-AF9E-FFE2C9AD394E}.Release|Any CPU.ActiveCfg = Release|Any CPU
		{1D97A06D-6885-42D3-AF9E-FFE2C9AD394E}.Release|Any CPU.Build.0 = Release|Any CPU
	EndGlobalSection
	GlobalSection(SolutionProperties) = preSolution
		HideSolutionNode = FALSE
	EndGlobalSection
	GlobalSection(ExtensibilityGlobals) = postSolution
		SolutionGuid = {1DA5E2A6-A394-4AC4-804B-CA2F6B741649}
	EndGlobalSection
EndGlobal
